{
  "name": "ATON.SERVICE.vroadcast",
  "version": "1.0.0",
  "lockfileVersion": 1,
  "requires": true,
  "dependencies": {
    "aabb-3d": {
      "version": "0.1.0",
      "resolved": "https://registry.npmjs.org/aabb-3d/-/aabb-3d-0.1.0.tgz",
      "integrity": "sha1-ZRUh0GNLDz9QgWLmuM3snzU5MFM=",
      "requires": {
        "gl-matrix": "2.4.0"
      }
    },
    "accepts": {
      "version": "https://registry.npmjs.org/accepts/-/accepts-1.3.3.tgz",
      "integrity": "sha1-w8p0NJOGSMPg2cHjKN1otiLChMo=",
      "requires": {
        "mime-types": "https://registry.npmjs.org/mime-types/-/mime-types-2.1.14.tgz",
        "negotiator": "https://registry.npmjs.org/negotiator/-/negotiator-0.6.1.tgz"
      }
    },
    "after": {
      "version": "https://registry.npmjs.org/after/-/after-0.8.2.tgz",
      "integrity": "sha1-/ts5T58OAqqXaOcCvaI7UF+ufh8="
    },
    "array-back": {
      "version": "2.0.0",
      "resolved": "https://registry.npmjs.org/array-back/-/array-back-2.0.0.tgz",
      "integrity": "sha512-eJv4pLLufP3g5kcZry0j6WXpIbzYw9GUB4mVJZno9wfwiBxbizTnHCw3VJb07cBihbFX48Y7oSrW9y+gt4glyw==",
      "requires": {
        "typical": "2.6.1"
      }
    },
    "array-flatten": {
      "version": "1.1.1",
      "resolved": "https://registry.npmjs.org/array-flatten/-/array-flatten-1.1.1.tgz",
      "integrity": "sha1-ml9pkFGx5wczKPKgCJaLZOopVdI="
    },
    "arraybuffer.slice": {
      "version": "https://registry.npmjs.org/arraybuffer.slice/-/arraybuffer.slice-0.0.6.tgz",
      "integrity": "sha1-8zshWfBTKj8xB6JywMz70a0peco="
    },
    "backo2": {
      "version": "https://registry.npmjs.org/backo2/-/backo2-1.0.2.tgz",
      "integrity": "sha1-MasayLEpNjRj41s+u2n038+6eUc="
    },
    "base64-arraybuffer": {
      "version": "https://registry.npmjs.org/base64-arraybuffer/-/base64-arraybuffer-0.1.5.tgz",
      "integrity": "sha1-c5JncZI7Whl0etZmqlzUv5xunOg="
    },
    "base64id": {
      "version": "https://registry.npmjs.org/base64id/-/base64id-1.0.0.tgz",
      "integrity": "sha1-R2iMuZu2gE8OBtPnY7HDLlfY5rY="
    },
    "better-assert": {
      "version": "https://registry.npmjs.org/better-assert/-/better-assert-1.0.2.tgz",
      "integrity": "sha1-QIZrnhueC1W0gYlDEeaPr/rrxSI=",
      "requires": {
        "callsite": "https://registry.npmjs.org/callsite/-/callsite-1.0.0.tgz"
      }
    },
    "blob": {
      "version": "https://registry.npmjs.org/blob/-/blob-0.0.4.tgz",
      "integrity": "sha1-vPEwUspURj8w+fx+lbmkdjCpSSE="
    },
    "body-parser": {
      "version": "1.18.2",
      "resolved": "https://registry.npmjs.org/body-parser/-/body-parser-1.18.2.tgz",
      "integrity": "sha1-h2eKGdhLR9hZuDGZvVm84iKxBFQ=",
      "requires": {
        "bytes": "3.0.0",
        "content-type": "1.0.4",
        "debug": "2.6.9",
        "depd": "1.1.1",
        "http-errors": "1.6.2",
        "iconv-lite": "0.4.19",
        "on-finished": "2.3.0",
        "qs": "6.5.1",
        "raw-body": "2.3.2",
        "type-is": "1.6.15"
      },
      "dependencies": {
        "debug": {
          "version": "2.6.9",
          "resolved": "https://registry.npmjs.org/debug/-/debug-2.6.9.tgz",
          "integrity": "sha512-bC7ElrdJaJnPbAP+1EotYvqZsb3ecl5wi6Bfi6BJTUcNowp6cvspg0jXznRTKDjm/E7AdgFBVeAPVMNcKGsHMA==",
          "requires": {
            "ms": "2.0.0"
          }
        },
        "ms": {
          "version": "2.0.0",
          "resolved": "https://registry.npmjs.org/ms/-/ms-2.0.0.tgz",
          "integrity": "sha1-VgiurfwAvmwpAd9fmGF4jeDVl8g="
        }
      }
    },
    "bytes": {
      "version": "3.0.0",
      "resolved": "https://registry.npmjs.org/bytes/-/bytes-3.0.0.tgz",
      "integrity": "sha1-0ygVQE1olpn4Wk6k+odV3ROpYEg="
    },
    "callsite": {
      "version": "https://registry.npmjs.org/callsite/-/callsite-1.0.0.tgz",
      "integrity": "sha1-KAOY5dZkvXQDi28JBRU+borxvCA="
    },
    "command-line-args": {
      "version": "4.0.7",
      "resolved": "https://registry.npmjs.org/command-line-args/-/command-line-args-4.0.7.tgz",
      "integrity": "sha512-aUdPvQRAyBvQd2n7jXcsMDz68ckBJELXNzBybCHOibUWEg0mWTnaYCSRU8h9R+aNRSvDihJtssSRCiDRpLaezA==",
      "requires": {
        "array-back": "2.0.0",
        "find-replace": "1.0.3",
        "typical": "2.6.1"
      }
    },
    "component-bind": {
      "version": "https://registry.npmjs.org/component-bind/-/component-bind-1.0.0.tgz",
      "integrity": "sha1-AMYIq33Nk4l8AAllGx06jh5zu9E="
    },
    "component-emitter": {
      "version": "https://registry.npmjs.org/component-emitter/-/component-emitter-1.1.2.tgz",
      "integrity": "sha1-KWWU8nU9qmOZbSrwjRWpURbJrsM="
    },
    "component-inherit": {
      "version": "https://registry.npmjs.org/component-inherit/-/component-inherit-0.0.3.tgz",
      "integrity": "sha1-ZF/ErfWLcrZJ1crmUTVhnbJv8UM="
    },
    "content-disposition": {
      "version": "0.5.2",
      "resolved": "https://registry.npmjs.org/content-disposition/-/content-disposition-0.5.2.tgz",
      "integrity": "sha1-DPaLud318r55YcOoUXjLhdunjLQ="
    },
    "content-type": {
      "version": "1.0.4",
      "resolved": "https://registry.npmjs.org/content-type/-/content-type-1.0.4.tgz",
      "integrity": "sha512-hIP3EEPs8tB9AT1L+NUqtwOAps4mk2Zob89MWXMHjHWg9milF/j4osnnQLXBCBFBk/tvIG/tUc9mOUJiPBhPXA=="
    },
    "convert-hrtime": {
      "version": "2.0.0",
      "resolved": "https://registry.npmjs.org/convert-hrtime/-/convert-hrtime-2.0.0.tgz",
      "integrity": "sha1-Gb+yyRYvnhHC8Ewsed4rfoCVxic="
    },
    "cookie": {
      "version": "https://registry.npmjs.org/cookie/-/cookie-0.3.1.tgz",
      "integrity": "sha1-5+Ch+e9DtMi6klxcWpboBtFoc7s="
    },
    "cookie-signature": {
      "version": "1.0.6",
      "resolved": "https://registry.npmjs.org/cookie-signature/-/cookie-signature-1.0.6.tgz",
      "integrity": "sha1-4wOogrNCzD7oylE6eZmXNNqzriw="
    },
    "debug": {
      "version": "https://registry.npmjs.org/debug/-/debug-2.3.3.tgz",
      "integrity": "sha1-QMRT5n5uE8kB3ewxeviYbNqe/4w=",
      "requires": {
        "ms": "https://registry.npmjs.org/ms/-/ms-0.7.2.tgz"
      }
    },
    "depd": {
      "version": "1.1.1",
      "resolved": "https://registry.npmjs.org/depd/-/depd-1.1.1.tgz",
      "integrity": "sha1-V4O04cRZ8G+lyif5kfPQbnoxA1k="
    },
    "destroy": {
      "version": "1.0.4",
      "resolved": "https://registry.npmjs.org/destroy/-/destroy-1.0.4.tgz",
      "integrity": "sha1-l4hXRCxEdJ5CBmE+N5RiBYJqvYA="
    },
    "ee-first": {
      "version": "1.1.1",
      "resolved": "https://registry.npmjs.org/ee-first/-/ee-first-1.1.1.tgz",
      "integrity": "sha1-WQxhFWsK4vTwJVcyoViyZrxWsh0="
    },
    "encodeurl": {
      "version": "1.0.1",
      "resolved": "https://registry.npmjs.org/encodeurl/-/encodeurl-1.0.1.tgz",
      "integrity": "sha1-eePVhlU0aQn+bw9Fpd5oEDspTSA="
    },
    "engine.io": {
      "version": "https://registry.npmjs.org/engine.io/-/engine.io-1.8.4.tgz",
      "integrity": "sha1-d7zhK4Dl1gQpM3/sOw2vaR68kAM=",
      "requires": {
        "accepts": "https://registry.npmjs.org/accepts/-/accepts-1.3.3.tgz",
        "base64id": "https://registry.npmjs.org/base64id/-/base64id-1.0.0.tgz",
        "cookie": "https://registry.npmjs.org/cookie/-/cookie-0.3.1.tgz",
        "debug": "https://registry.npmjs.org/debug/-/debug-2.3.3.tgz",
        "engine.io-parser": "https://registry.npmjs.org/engine.io-parser/-/engine.io-parser-1.3.2.tgz",
        "ws": "https://registry.npmjs.org/ws/-/ws-1.1.4.tgz"
      }
    },
    "engine.io-client": {
      "version": "https://registry.npmjs.org/engine.io-client/-/engine.io-client-1.8.4.tgz",
      "integrity": "sha1-n+hd7iWFPKa6viW9KtaHEIY+kcI=",
      "requires": {
        "component-emitter": "https://registry.npmjs.org/component-emitter/-/component-emitter-1.2.1.tgz",
        "component-inherit": "https://registry.npmjs.org/component-inherit/-/component-inherit-0.0.3.tgz",
        "debug": "https://registry.npmjs.org/debug/-/debug-2.3.3.tgz",
        "engine.io-parser": "https://registry.npmjs.org/engine.io-parser/-/engine.io-parser-1.3.2.tgz",
        "has-cors": "https://registry.npmjs.org/has-cors/-/has-cors-1.1.0.tgz",
        "indexof": "https://registry.npmjs.org/indexof/-/indexof-0.0.1.tgz",
        "parsejson": "https://registry.npmjs.org/parsejson/-/parsejson-0.0.3.tgz",
        "parseqs": "https://registry.npmjs.org/parseqs/-/parseqs-0.0.5.tgz",
        "parseuri": "https://registry.npmjs.org/parseuri/-/parseuri-0.0.5.tgz",
        "ws": "https://registry.npmjs.org/ws/-/ws-1.1.2.tgz",
        "xmlhttprequest-ssl": "https://registry.npmjs.org/xmlhttprequest-ssl/-/xmlhttprequest-ssl-1.5.3.tgz",
        "yeast": "https://registry.npmjs.org/yeast/-/yeast-0.1.2.tgz"
      },
      "dependencies": {
        "component-emitter": {
          "version": "https://registry.npmjs.org/component-emitter/-/component-emitter-1.2.1.tgz",
          "integrity": "sha1-E3kY1teCg/ffemt8WmPhQOaUJeY="
        },
        "ws": {
          "version": "https://registry.npmjs.org/ws/-/ws-1.1.2.tgz",
          "integrity": "sha1-iiRPoFJAHgjJiGz0SoUYnh/UBn8=",
          "requires": {
            "options": "https://registry.npmjs.org/options/-/options-0.0.6.tgz",
            "ultron": "https://registry.npmjs.org/ultron/-/ultron-1.0.2.tgz"
          }
        }
      }
    },
    "engine.io-parser": {
      "version": "https://registry.npmjs.org/engine.io-parser/-/engine.io-parser-1.3.2.tgz",
      "integrity": "sha1-k3sHnwAH0Ik+xW1GyyILjLQ1Igo=",
      "requires": {
        "after": "https://registry.npmjs.org/after/-/after-0.8.2.tgz",
        "arraybuffer.slice": "https://registry.npmjs.org/arraybuffer.slice/-/arraybuffer.slice-0.0.6.tgz",
        "base64-arraybuffer": "https://registry.npmjs.org/base64-arraybuffer/-/base64-arraybuffer-0.1.5.tgz",
        "blob": "https://registry.npmjs.org/blob/-/blob-0.0.4.tgz",
        "has-binary": "https://registry.npmjs.org/has-binary/-/has-binary-0.1.7.tgz",
        "wtf-8": "https://registry.npmjs.org/wtf-8/-/wtf-8-1.0.0.tgz"
      }
    },
    "escape-html": {
      "version": "1.0.3",
      "resolved": "https://registry.npmjs.org/escape-html/-/escape-html-1.0.3.tgz",
      "integrity": "sha1-Aljq5NPQwJdN4cFpGI7wBR0dGYg="
    },
    "etag": {
      "version": "1.8.1",
      "resolved": "https://registry.npmjs.org/etag/-/etag-1.8.1.tgz",
      "integrity": "sha1-Qa4u62XvpiJorr/qg6x9eSmbCIc="
    },
    "euclidean-distance": {
      "version": "1.0.0",
      "resolved": "https://registry.npmjs.org/euclidean-distance/-/euclidean-distance-1.0.0.tgz",
      "integrity": "sha1-cDvCE+l8HXMdebWZ6TeUG6lnCmg="
    },
    "express": {
      "version": "4.16.2",
      "resolved": "https://registry.npmjs.org/express/-/express-4.16.2.tgz",
      "integrity": "sha1-41xt/i1kt9ygpc1PIXgb4ymeB2w=",
      "requires": {
        "accepts": "1.3.4",
        "array-flatten": "1.1.1",
        "body-parser": "1.18.2",
        "content-disposition": "0.5.2",
        "content-type": "1.0.4",
        "cookie": "https://registry.npmjs.org/cookie/-/cookie-0.3.1.tgz",
        "cookie-signature": "1.0.6",
        "debug": "2.6.9",
        "depd": "1.1.1",
        "encodeurl": "1.0.1",
        "escape-html": "1.0.3",
        "etag": "1.8.1",
        "finalhandler": "1.1.0",
        "fresh": "0.5.2",
        "merge-descriptors": "1.0.1",
        "methods": "1.1.2",
        "on-finished": "2.3.0",
        "parseurl": "1.3.2",
        "path-to-regexp": "0.1.7",
        "proxy-addr": "2.0.2",
        "qs": "6.5.1",
        "range-parser": "1.2.0",
        "safe-buffer": "5.1.1",
        "send": "0.16.1",
        "serve-static": "1.13.1",
        "setprototypeof": "1.1.0",
        "statuses": "1.3.1",
        "type-is": "1.6.15",
        "utils-merge": "1.0.1",
        "vary": "1.1.2"
      },
      "dependencies": {
        "accepts": {
          "version": "1.3.4",
          "resolved": "https://registry.npmjs.org/accepts/-/accepts-1.3.4.tgz",
          "integrity": "sha1-hiRnWMfdbSGmR0/whKR0DsBesh8=",
          "requires": {
            "mime-types": "2.1.17",
            "negotiator": "https://registry.npmjs.org/negotiator/-/negotiator-0.6.1.tgz"
          }
        },
        "debug": {
          "version": "2.6.9",
          "resolved": "https://registry.npmjs.org/debug/-/debug-2.6.9.tgz",
          "integrity": "sha512-bC7ElrdJaJnPbAP+1EotYvqZsb3ecl5wi6Bfi6BJTUcNowp6cvspg0jXznRTKDjm/E7AdgFBVeAPVMNcKGsHMA==",
          "requires": {
            "ms": "2.0.0"
          }
        },
        "mime-db": {
          "version": "1.30.0",
          "resolved": "https://registry.npmjs.org/mime-db/-/mime-db-1.30.0.tgz",
          "integrity": "sha1-dMZD2i3Z1qRTmZY0ZbJtXKfXHwE="
        },
        "mime-types": {
          "version": "2.1.17",
          "resolved": "https://registry.npmjs.org/mime-types/-/mime-types-2.1.17.tgz",
          "integrity": "sha1-Cdejk/A+mVp5+K+Fe3Cp4KsWVXo=",
          "requires": {
            "mime-db": "1.30.0"
          }
        },
        "ms": {
          "version": "2.0.0",
          "resolved": "https://registry.npmjs.org/ms/-/ms-2.0.0.tgz",
          "integrity": "sha1-VgiurfwAvmwpAd9fmGF4jeDVl8g="
        }
      }
    },
    "finalhandler": {
      "version": "1.1.0",
      "resolved": "https://registry.npmjs.org/finalhandler/-/finalhandler-1.1.0.tgz",
      "integrity": "sha1-zgtoVbRYU+eRsvzGgARtiCU91/U=",
      "requires": {
        "debug": "2.6.9",
        "encodeurl": "1.0.1",
        "escape-html": "1.0.3",
        "on-finished": "2.3.0",
        "parseurl": "1.3.2",
        "statuses": "1.3.1",
        "unpipe": "1.0.0"
      },
      "dependencies": {
        "debug": {
          "version": "2.6.9",
          "resolved": "https://registry.npmjs.org/debug/-/debug-2.6.9.tgz",
          "integrity": "sha512-bC7ElrdJaJnPbAP+1EotYvqZsb3ecl5wi6Bfi6BJTUcNowp6cvspg0jXznRTKDjm/E7AdgFBVeAPVMNcKGsHMA==",
          "requires": {
            "ms": "2.0.0"
          }
        },
        "ms": {
          "version": "2.0.0",
          "resolved": "https://registry.npmjs.org/ms/-/ms-2.0.0.tgz",
          "integrity": "sha1-VgiurfwAvmwpAd9fmGF4jeDVl8g="
        }
      }
    },
    "find-replace": {
      "version": "1.0.3",
      "resolved": "https://registry.npmjs.org/find-replace/-/find-replace-1.0.3.tgz",
      "integrity": "sha1-uI5zZNLZyVlVnziMZmcNYTBEH6A=",
      "requires": {
        "array-back": "1.0.4",
        "test-value": "2.1.0"
      },
      "dependencies": {
        "array-back": {
          "version": "1.0.4",
          "resolved": "https://registry.npmjs.org/array-back/-/array-back-1.0.4.tgz",
          "integrity": "sha1-ZEun8JX3/898Q7Xw3DnTwfA8Bjs=",
          "requires": {
            "typical": "2.6.1"
          }
        }
      }
    },
    "forwarded": {
      "version": "0.1.2",
      "resolved": "https://registry.npmjs.org/forwarded/-/forwarded-0.1.2.tgz",
      "integrity": "sha1-mMI9qxF1ZXuMBXPozszZGw/xjIQ="
    },
    "fresh": {
      "version": "0.5.2",
      "resolved": "https://registry.npmjs.org/fresh/-/fresh-0.5.2.tgz",
      "integrity": "sha1-PYyt2Q2XZWn6g1qx+OSyOhBWBac="
    },
    "gl-matrix": {
      "version": "2.4.0",
      "resolved": "https://registry.npmjs.org/gl-matrix/-/gl-matrix-2.4.0.tgz",
      "integrity": "sha1-IImxMwGinuyCLZ2Z3/wfeO6aPFA="
    },
    "has-binary": {
      "version": "https://registry.npmjs.org/has-binary/-/has-binary-0.1.7.tgz",
      "integrity": "sha1-aOYesWIQyVRaClzOBqhzkS/h5ow=",
      "requires": {
        "isarray": "https://registry.npmjs.org/isarray/-/isarray-0.0.1.tgz"
      }
    },
    "has-cors": {
      "version": "https://registry.npmjs.org/has-cors/-/has-cors-1.1.0.tgz",
      "integrity": "sha1-XkdHk/fqmEPRu5nCPu9J/xJv/zk="
    },
    "http-errors": {
      "version": "1.6.2",
      "resolved": "https://registry.npmjs.org/http-errors/-/http-errors-1.6.2.tgz",
      "integrity": "sha1-CgAsyFcHGSp+eUbO7cERVfYOxzY=",
      "requires": {
        "depd": "1.1.1",
        "inherits": "2.0.3",
        "setprototypeof": "1.0.3",
        "statuses": "1.3.1"
      },
      "dependencies": {
        "setprototypeof": {
          "version": "1.0.3",
          "resolved": "https://registry.npmjs.org/setprototypeof/-/setprototypeof-1.0.3.tgz",
          "integrity": "sha1-ZlZ+NwQ+608E2RvWWMDL77VbjgQ="
        }
      }
    },
    "iconv-lite": {
      "version": "0.4.19",
      "resolved": "https://registry.npmjs.org/iconv-lite/-/iconv-lite-0.4.19.tgz",
      "integrity": "sha512-oTZqweIP51xaGPI4uPa56/Pri/480R+mo7SeU+YETByQNhDG55ycFyNLIgta9vXhILrxXDmF7ZGhqZIcuN0gJQ=="
    },
    "indexof": {
      "version": "https://registry.npmjs.org/indexof/-/indexof-0.0.1.tgz",
      "integrity": "sha1-gtwzbSMrkGIXnQWrMpOmYFn9Q10="
    },
    "inherits": {
      "version": "2.0.3",
      "resolved": "https://registry.npmjs.org/inherits/-/inherits-2.0.3.tgz",
      "integrity": "sha1-Yzwsg+PaQqUC9SRmAiSA9CCCYd4="
    },
    "ipaddr.js": {
      "version": "1.5.2",
      "resolved": "https://registry.npmjs.org/ipaddr.js/-/ipaddr.js-1.5.2.tgz",
      "integrity": "sha1-1LUFvemUaYfM8PxY2QEP+WB+P6A="
    },
    "isarray": {
      "version": "https://registry.npmjs.org/isarray/-/isarray-0.0.1.tgz",
      "integrity": "sha1-ihis/Kmo9Bd+Cav8YDiTmwXR7t8="
    },
    "json3": {
      "version": "https://registry.npmjs.org/json3/-/json3-3.3.2.tgz",
      "integrity": "sha1-PAQ0dD35Pi9cQq7nsZvLSDV19OE="
    },
    "media-typer": {
      "version": "0.3.0",
      "resolved": "https://registry.npmjs.org/media-typer/-/media-typer-0.3.0.tgz",
      "integrity": "sha1-hxDXrwqmJvj/+hzgAWhUUmMlV0g="
    },
    "merge-descriptors": {
      "version": "1.0.1",
      "resolved": "https://registry.npmjs.org/merge-descriptors/-/merge-descriptors-1.0.1.tgz",
      "integrity": "sha1-sAqqVW3YtEVoFQ7J0blT8/kMu2E="
    },
    "methods": {
      "version": "1.1.2",
      "resolved": "https://registry.npmjs.org/methods/-/methods-1.1.2.tgz",
      "integrity": "sha1-VSmk1nZUE07cxSZmVoNbD4Ua/O4="
    },
    "mime": {
      "version": "1.4.1",
      "resolved": "https://registry.npmjs.org/mime/-/mime-1.4.1.tgz",
      "integrity": "sha512-KI1+qOZu5DcW6wayYHSzR/tXKCDC5Om4s1z2QJjDULzLcmf3DvzS7oluY4HCTrc+9FiKmWUgeNLg7W3uIQvxtQ=="
    },
    "mime-db": {
      "version": "https://registry.npmjs.org/mime-db/-/mime-db-1.26.0.tgz",
      "integrity": "sha1-6v/NDk/Gk1z4E02iRuLmw1MFrf8="
    },
    "mime-types": {
      "version": "https://registry.npmjs.org/mime-types/-/mime-types-2.1.14.tgz",
      "integrity": "sha1-9+99l1g/yvO30oK2+LVnnaselO4=",
      "requires": {
        "mime-db": "https://registry.npmjs.org/mime-db/-/mime-db-1.26.0.tgz"
      }
    },
    "ms": {
      "version": "https://registry.npmjs.org/ms/-/ms-0.7.2.tgz",
      "integrity": "sha1-riXPJRKziFodldfwN4aNhDESR2U="
    },
    "negotiator": {
      "version": "https://registry.npmjs.org/negotiator/-/negotiator-0.6.1.tgz",
      "integrity": "sha1-KzJxhOiZIQEXeyhWP7XnECrNDKk="
    },
    "object-assign": {
      "version": "https://registry.npmjs.org/object-assign/-/object-assign-4.1.0.tgz",
      "integrity": "sha1-ejs9DpgGPUP0wD8uiubNUahog6A="
    },
    "object-component": {
      "version": "https://registry.npmjs.org/object-component/-/object-component-0.0.3.tgz",
      "integrity": "sha1-8MaapQ78lbhmwYb0AKM3acsvEpE="
    },
    "on-finished": {
      "version": "2.3.0",
      "resolved": "https://registry.npmjs.org/on-finished/-/on-finished-2.3.0.tgz",
      "integrity": "sha1-IPEzZIGwg811M3mSoWlxqi2QaUc=",
      "requires": {
        "ee-first": "1.1.1"
      }
    },
    "options": {
      "version": "https://registry.npmjs.org/options/-/options-0.0.6.tgz",
      "integrity": "sha1-7CLTEoBrtT5zF3Pnza788cZDEo8="
    },
    "parsejson": {
      "version": "https://registry.npmjs.org/parsejson/-/parsejson-0.0.3.tgz",
      "integrity": "sha1-q343WfIJ7OmUN5c/fQ8fZK4OZKs=",
      "requires": {
        "better-assert": "https://registry.npmjs.org/better-assert/-/better-assert-1.0.2.tgz"
      }
    },
    "parseqs": {
      "version": "https://registry.npmjs.org/parseqs/-/parseqs-0.0.5.tgz",
      "integrity": "sha1-1SCKNzjkZ2bikbouoXNoSSGouJ0=",
      "requires": {
        "better-assert": "https://registry.npmjs.org/better-assert/-/better-assert-1.0.2.tgz"
      }
    },
    "parseuri": {
      "version": "https://registry.npmjs.org/parseuri/-/parseuri-0.0.5.tgz",
      "integrity": "sha1-gCBKUNTbt3m/3G6+J3jZDkvOMgo=",
      "requires": {
        "better-assert": "https://registry.npmjs.org/better-assert/-/better-assert-1.0.2.tgz"
      }
    },
    "parseurl": {
      "version": "1.3.2",
      "resolved": "https://registry.npmjs.org/parseurl/-/parseurl-1.3.2.tgz",
      "integrity": "sha1-/CidTtiZMRlGDBViUyYs3I3mW/M="
    },
    "path-to-regexp": {
      "version": "0.1.7",
      "resolved": "https://registry.npmjs.org/path-to-regexp/-/path-to-regexp-0.1.7.tgz",
      "integrity": "sha1-32BBeABfUi8V60SQ5yR6G/qmf4w="
    },
    "performance-now": {
      "version": "2.1.0",
      "resolved": "https://registry.npmjs.org/performance-now/-/performance-now-2.1.0.tgz",
      "integrity": "sha1-Ywn04OX6kT7BxpMHrjZLSzd8nns="
    },
    "proxy-addr": {
      "version": "2.0.2",
      "resolved": "https://registry.npmjs.org/proxy-addr/-/proxy-addr-2.0.2.tgz",
      "integrity": "sha1-ZXFQT0e7mI7IGAJT+F3X4UlSvew=",
      "requires": {
        "forwarded": "0.1.2",
        "ipaddr.js": "1.5.2"
      }
    },
    "qs": {
      "version": "6.5.1",
      "resolved": "https://registry.npmjs.org/qs/-/qs-6.5.1.tgz",
      "integrity": "sha512-eRzhrN1WSINYCDCbrz796z37LOe3m5tmW7RQf6oBntukAG1nmovJvhnwHHRMAfeoItc1m2Hk02WER2aQ/iqs+A=="
    },
    "range-parser": {
      "version": "1.2.0",
      "resolved": "https://registry.npmjs.org/range-parser/-/range-parser-1.2.0.tgz",
      "integrity": "sha1-9JvmtIeJTdxA3MlKMi9hEJLgDV4="
    },
    "raw-body": {
      "version": "2.3.2",
      "resolved": "https://registry.npmjs.org/raw-body/-/raw-body-2.3.2.tgz",
      "integrity": "sha1-vNYMd9Prk83gBQKVw/N5OJvIj4k=",
      "requires": {
        "bytes": "3.0.0",
        "http-errors": "1.6.2",
        "iconv-lite": "0.4.19",
        "unpipe": "1.0.0"
      }
    },
    "safe-buffer": {
      "version": "5.1.1",
      "resolved": "https://registry.npmjs.org/safe-buffer/-/safe-buffer-5.1.1.tgz",
      "integrity": "sha512-kKvNJn6Mm93gAczWVJg7wH+wGYWNrDHdWvpUmHyEsgCtIwwo3bqPtV4tR5tuPaUhTOo/kvhVwd8XwwOllGYkbg=="
    },
    "send": {
      "version": "0.16.1",
      "resolved": "https://registry.npmjs.org/send/-/send-0.16.1.tgz",
      "integrity": "sha512-ElCLJdJIKPk6ux/Hocwhk7NFHpI3pVm/IZOYWqUmoxcgeyM+MpxHHKhb8QmlJDX1pU6WrgaHBkVNm73Sv7uc2A==",
      "requires": {
        "debug": "2.6.9",
        "depd": "1.1.1",
        "destroy": "1.0.4",
        "encodeurl": "1.0.1",
        "escape-html": "1.0.3",
        "etag": "1.8.1",
        "fresh": "0.5.2",
        "http-errors": "1.6.2",
        "mime": "1.4.1",
        "ms": "2.0.0",
        "on-finished": "2.3.0",
        "range-parser": "1.2.0",
        "statuses": "1.3.1"
      },
      "dependencies": {
        "debug": {
          "version": "2.6.9",
          "resolved": "https://registry.npmjs.org/debug/-/debug-2.6.9.tgz",
          "integrity": "sha512-bC7ElrdJaJnPbAP+1EotYvqZsb3ecl5wi6Bfi6BJTUcNowp6cvspg0jXznRTKDjm/E7AdgFBVeAPVMNcKGsHMA==",
          "requires": {
            "ms": "2.0.0"
          }
        },
        "ms": {
          "version": "2.0.0",
          "resolved": "https://registry.npmjs.org/ms/-/ms-2.0.0.tgz",
          "integrity": "sha1-VgiurfwAvmwpAd9fmGF4jeDVl8g="
        }
      }
    },
    "serve-static": {
      "version": "1.13.1",
      "resolved": "https://registry.npmjs.org/serve-static/-/serve-static-1.13.1.tgz",
      "integrity": "sha512-hSMUZrsPa/I09VYFJwa627JJkNs0NrfL1Uzuup+GqHfToR2KcsXFymXSV90hoyw3M+msjFuQly+YzIH/q0MGlQ==",
      "requires": {
        "encodeurl": "1.0.1",
        "escape-html": "1.0.3",
        "parseurl": "1.3.2",
        "send": "0.16.1"
      }
    },
    "setprototypeof": {
      "version": "1.1.0",
      "resolved": "https://registry.npmjs.org/setprototypeof/-/setprototypeof-1.1.0.tgz",
      "integrity": "sha512-BvE/TwpZX4FXExxOxZyRGQQv651MSwmWKZGqvmPcRIjDqWub67kTKuIMx43cZZrS/cBBzwBcNDWoFxt2XEFIpQ=="
    },
    "socket.io": {
      "version": "https://registry.npmjs.org/socket.io/-/socket.io-1.7.4.tgz",
      "integrity": "sha1-L37O3DORvy1cc+KR/iM+bjTU3QA=",
      "requires": {
        "debug": "https://registry.npmjs.org/debug/-/debug-2.3.3.tgz",
        "engine.io": "https://registry.npmjs.org/engine.io/-/engine.io-1.8.4.tgz",
        "has-binary": "https://registry.npmjs.org/has-binary/-/has-binary-0.1.7.tgz",
        "object-assign": "https://registry.npmjs.org/object-assign/-/object-assign-4.1.0.tgz",
        "socket.io-adapter": "https://registry.npmjs.org/socket.io-adapter/-/socket.io-adapter-0.5.0.tgz",
        "socket.io-client": "https://registry.npmjs.org/socket.io-client/-/socket.io-client-1.7.4.tgz",
        "socket.io-parser": "https://registry.npmjs.org/socket.io-parser/-/socket.io-parser-2.3.1.tgz"
      }
    },
    "socket.io-adapter": {
      "version": "https://registry.npmjs.org/socket.io-adapter/-/socket.io-adapter-0.5.0.tgz",
      "integrity": "sha1-y21LuL7IHhB4uZZ3+c7QBGBmu4s=",
      "requires": {
        "debug": "https://registry.npmjs.org/debug/-/debug-2.3.3.tgz",
        "socket.io-parser": "https://registry.npmjs.org/socket.io-parser/-/socket.io-parser-2.3.1.tgz"
      }
    },
    "socket.io-client": {
      "version": "https://registry.npmjs.org/socket.io-client/-/socket.io-client-1.7.4.tgz",
      "integrity": "sha1-7J+CA1btme9tNX8HVtZIcXvdQoE=",
      "requires": {
        "backo2": "https://registry.npmjs.org/backo2/-/backo2-1.0.2.tgz",
        "component-bind": "https://registry.npmjs.org/component-bind/-/component-bind-1.0.0.tgz",
        "component-emitter": "https://registry.npmjs.org/component-emitter/-/component-emitter-1.2.1.tgz",
        "debug": "https://registry.npmjs.org/debug/-/debug-2.3.3.tgz",
        "engine.io-client": "https://registry.npmjs.org/engine.io-client/-/engine.io-client-1.8.4.tgz",
        "has-binary": "https://registry.npmjs.org/has-binary/-/has-binary-0.1.7.tgz",
        "indexof": "https://registry.npmjs.org/indexof/-/indexof-0.0.1.tgz",
        "object-component": "https://registry.npmjs.org/object-component/-/object-component-0.0.3.tgz",
        "parseuri": "https://registry.npmjs.org/parseuri/-/parseuri-0.0.5.tgz",
        "socket.io-parser": "https://registry.npmjs.org/socket.io-parser/-/socket.io-parser-2.3.1.tgz",
        "to-array": "https://registry.npmjs.org/to-array/-/to-array-0.1.4.tgz"
      },
      "dependencies": {
        "component-emitter": {
          "version": "https://registry.npmjs.org/component-emitter/-/component-emitter-1.2.1.tgz",
          "integrity": "sha1-E3kY1teCg/ffemt8WmPhQOaUJeY="
        }
      }
    },
    "socket.io-parser": {
      "version": "https://registry.npmjs.org/socket.io-parser/-/socket.io-parser-2.3.1.tgz",
      "integrity": "sha1-3VMgJRA85Clpcya+/WQAX8/ltKA=",
      "requires": {
        "component-emitter": "https://registry.npmjs.org/component-emitter/-/component-emitter-1.1.2.tgz",
        "debug": "https://registry.npmjs.org/debug/-/debug-2.2.0.tgz",
        "isarray": "https://registry.npmjs.org/isarray/-/isarray-0.0.1.tgz",
        "json3": "https://registry.npmjs.org/json3/-/json3-3.3.2.tgz"
      },
      "dependencies": {
        "debug": {
          "version": "https://registry.npmjs.org/debug/-/debug-2.2.0.tgz",
          "integrity": "sha1-+HBX6ZWxofauaklgZkE3vFbwOdo=",
          "requires": {
            "ms": "https://registry.npmjs.org/ms/-/ms-0.7.1.tgz"
          }
        },
        "ms": {
          "version": "https://registry.npmjs.org/ms/-/ms-0.7.1.tgz",
          "integrity": "sha1-nNE8A62/8ltl7/3nzoZO6VIBcJg="
        }
      }
    },
    "statuses": {
      "version": "1.3.1",
      "resolved": "https://registry.npmjs.org/statuses/-/statuses-1.3.1.tgz",
      "integrity": "sha1-+vUbnrdKrvOzrPStX2Gr8ky3uT4="
    },
    "test-value": {
      "version": "2.1.0",
      "resolved": "https://registry.npmjs.org/test-value/-/test-value-2.1.0.tgz",
      "integrity": "sha1-Edpv9nDzRxpztiXKTz/c97t0gpE=",
      "requires": {
        "array-back": "1.0.4",
        "typical": "2.6.1"
      },
      "dependencies": {
        "array-back": {
          "version": "1.0.4",
          "resolved": "https://registry.npmjs.org/array-back/-/array-back-1.0.4.tgz",
          "integrity": "sha1-ZEun8JX3/898Q7Xw3DnTwfA8Bjs=",
          "requires": {
            "typical": "2.6.1"
          }
        }
      }
    },
    "to-array": {
      "version": "https://registry.npmjs.org/to-array/-/to-array-0.1.4.tgz",
      "integrity": "sha1-F+bBH3PdTz10zaek/zI46a2b+JA="
    },
    "type-is": {
      "version": "1.6.15",
      "resolved": "https://registry.npmjs.org/type-is/-/type-is-1.6.15.tgz",
      "integrity": "sha1-yrEPtJCeRByChC6v4a1kbIGARBA=",
      "requires": {
        "media-typer": "0.3.0",
        "mime-types": "2.1.17"
      },
      "dependencies": {
        "mime-db": {
          "version": "1.30.0",
          "resolved": "https://registry.npmjs.org/mime-db/-/mime-db-1.30.0.tgz",
          "integrity": "sha1-dMZD2i3Z1qRTmZY0ZbJtXKfXHwE="
        },
        "mime-types": {
          "version": "2.1.17",
          "resolved": "https://registry.npmjs.org/mime-types/-/mime-types-2.1.17.tgz",
          "integrity": "sha1-Cdejk/A+mVp5+K+Fe3Cp4KsWVXo=",
          "requires": {
            "mime-db": "1.30.0"
          }
        }
      }
    },
    "typical": {
      "version": "2.6.1",
      "resolved": "https://registry.npmjs.org/typical/-/typical-2.6.1.tgz",
      "integrity": "sha1-XAgOXWYcu+OCWdLnCjxyU+hziB0="
    },
    "ultron": {
      "version": "https://registry.npmjs.org/ultron/-/ultron-1.0.2.tgz",
      "integrity": "sha1-rOEWq1V80Zc4ak6I9GhTeMiy5Po="
    },
    "unpipe": {
      "version": "1.0.0",
      "resolved": "https://registry.npmjs.org/unpipe/-/unpipe-1.0.0.tgz",
      "integrity": "sha1-sr9O6FFKrmFltIF4KdIbLvSZBOw="
    },
    "utils-merge": {
      "version": "1.0.1",
      "resolved": "https://registry.npmjs.org/utils-merge/-/utils-merge-1.0.1.tgz",
      "integrity": "sha1-n5VxD1CiZ5R7LMwSR0HBAoQn5xM="
    },
    "vary": {
      "version": "1.1.2",
      "resolved": "https://registry.npmjs.org/vary/-/vary-1.1.2.tgz",
      "integrity": "sha1-IpnwLG3tMNSllhsLn3RSShj2NPw="
    },
    "ws": {
      "version": "https://registry.npmjs.org/ws/-/ws-1.1.4.tgz",
      "integrity": "sha1-V/QNA2gy5fUFVmKjl8Tedu1mv2E=",
      "requires": {
        "options": "https://registry.npmjs.org/options/-/options-0.0.6.tgz",
        "ultron": "https://registry.npmjs.org/ultron/-/ultron-1.0.2.tgz"
      }
    },
    "wtf-8": {
      "version": "https://registry.npmjs.org/wtf-8/-/wtf-8-1.0.0.tgz",
      "integrity": "sha1-OS2LotDxw00e4tYw8V0O+2jhBIo="
    },
    "xmlhttprequest-ssl": {
      "version": "https://registry.npmjs.org/xmlhttprequest-ssl/-/xmlhttprequest-ssl-1.5.3.tgz",
      "integrity": "sha1-GFqIjATspGw+QHDZn3tJ3jUomS0="
    },
    "yeast": {
      "version": "https://registry.npmjs.org/yeast/-/yeast-0.1.2.tgz",
      "integrity": "sha1-AI4G2AlDIMNy28L47XagymyKxBk="
    }
  }
}
